
Microsoft Visual Studio Solution File, Format Version 12.00
# Visual Studio Version 17
VisualStudioVersion = 17.2.32630.192
MinimumVisualStudioVersion = 10.0.40219.1
Project("{FAE04EC0-301F-11D3-BF4B-00C04F79EFBC}") = "Portafolio", "Portafolio\Portafolio.csproj", "{D869558A-8261-4260-8427-987B58D65F8A}"
EndProject
Global
	GlobalSection(SolutionConfigurationPlatforms) = preSolution
		Debug|Any CPU = Debug|Any CPU
		Release|Any CPU = Release|Any CPU
	EndGlobalSection
	GlobalSection(ProjectConfigurationPlatforms) = postSolution
		{D869558A-8261-4260-8427-987B58D65F8A}.Debug|Any CPU.ActiveCfg = Debug|Any CPU
		{D869558A-8261-4260-8427-987B58D65F8A}.Debug|Any CPU.Build.0 = Debug|Any CPU
		{D869558A-8261-4260-8427-987B58D65F8A}.Release|Any CPU.ActiveCfg = Release|Any CPU
		{D869558A-8261-4260-8427-987B58D65F8A}.Release|Any CPU.Build.0 = Release|Any CPU
	EndGlobalSection
	GlobalSection(SolutionProperties) = preSolution
		HideSolutionNode = FALSE
	EndGlobalSection
	GlobalSection(ExtensibilityGlobals) = postSolution
		SolutionGuid = {B4C76A59-20B4-4918-9E4B-C97A1FE1C70F}
	EndGlobalSection
EndGlobal
